
Microsoft Visual Studio Solution File, Format Version 12.00
# Visual Studio Version 17
VisualStudioVersion = 17.11.35312.102
MinimumVisualStudioVersion = 10.0.40219.1
Project("{FAE04EC0-301F-11D3-BF4B-00C04F79EFBC}") = "TwilioSms.API", "TwilioSms.API\TwilioSms.API.csproj", "{0F9FD97A-3033-4A62-80C0-F11C98CE72DA}"
EndProject
Global
	GlobalSection(SolutionConfigurationPlatforms) = preSolution
		Debug|Any CPU = Debug|Any CPU
		Release|Any CPU = Release|Any CPU
	EndGlobalSection
	GlobalSection(ProjectConfigurationPlatforms) = postSolution
		{0F9FD97A-3033-4A62-80C0-F11C98CE72DA}.Debug|Any CPU.ActiveCfg = Debug|Any CPU
		{0F9FD97A-3033-4A62-80C0-F11C98CE72DA}.Debug|Any CPU.Build.0 = Debug|Any CPU
		{0F9FD97A-3033-4A62-80C0-F11C98CE72DA}.Release|Any CPU.ActiveCfg = Release|Any CPU
		{0F9FD97A-3033-4A62-80C0-F11C98CE72DA}.Release|Any CPU.Build.0 = Release|Any CPU
	EndGlobalSection
	GlobalSection(SolutionProperties) = preSolution
		HideSolutionNode = FALSE
	EndGlobalSection
	GlobalSection(ExtensibilityGlobals) = postSolution
		SolutionGuid = {F3363043-2527-4E79-BF49-B3A366ADD2E7}
	EndGlobalSection
EndGlobal
